{
  "originHash" : "080e744f32cd6143ca873e7ba391972faff011b1cb3fe99991ef556768d97661",
  "pins" : [
    {
      "identity" : "wescan",
      "kind" : "remoteSourceControl",
      "location" : "https://github.com/pseudomus/WeScan",
      "state" : {
        "branch" : "master",
        "revision" : "a7d91d3d96f11de325226094390021e8ce045848"
      }
    }
  ],
  "version" : 3
}
