{
  "originHash" : "080e744f32cd6143ca873e7ba391972faff011b1cb3fe99991ef556768d97661",
  "pins" : [
    {
      "identity" : "wescan",
      "kind" : "remoteSourceControl",
      "location" : "https://github.com/pseudomus/WeScan",
      "state" : {
        "branch" : "master",
        "revision" : "b35d908f568ae6ffaf9ac26b7d05260c5791f242"
      }
    }
  ],
  "version" : 3
}
